
Microsoft Visual Studio Solution File, Format Version 12.00
# Visual Studio Version 17
VisualStudioVersion = 17.5.002.0
MinimumVisualStudioVersion = 10.0.40219.1
Project("{9A19103F-16F7-4668-BE54-9A1E7A4F7556}") = "Ecommerce", "Ecommerce.csproj", "{6FD639B2-259D-451E-9BE3-34B1BE9004A9}"
EndProject
Global
	GlobalSection(SolutionConfigurationPlatforms) = preSolution
		Debug|Any CPU = Debug|Any CPU
		Release|Any CPU = Release|Any CPU
	EndGlobalSection
	GlobalSection(ProjectConfigurationPlatforms) = postSolution
		{6FD639B2-259D-451E-9BE3-34B1BE9004A9}.Debug|Any CPU.ActiveCfg = Debug|Any CPU
		{6FD639B2-259D-451E-9BE3-34B1BE9004A9}.Debug|Any CPU.Build.0 = Debug|Any CPU
		{6FD639B2-259D-451E-9BE3-34B1BE9004A9}.Release|Any CPU.ActiveCfg = Release|Any CPU
		{6FD639B2-259D-451E-9BE3-34B1BE9004A9}.Release|Any CPU.Build.0 = Release|Any CPU
	EndGlobalSection
	GlobalSection(SolutionProperties) = preSolution
		HideSolutionNode = FALSE
	EndGlobalSection
	GlobalSection(ExtensibilityGlobals) = postSolution
		SolutionGuid = {A930A938-5ECB-4365-A65C-C12D851D9AC7}
	EndGlobalSection
EndGlobal
